
Microsoft Visual Studio Solution File, Format Version 12.00
# Visual Studio Version 16
VisualStudioVersion = 16.0.30128.74
MinimumVisualStudioVersion = 10.0.40219.1
Project("{FAE04EC0-301F-11D3-BF4B-00C04F79EFBC}") = "Daniloprovaexerc03", "Daniloprovaexerc03\Daniloprovaexerc03.csproj", "{0C4F1BF5-9CBD-4828-A13F-BF5D3A85EBA5}"
EndProject
Global
	GlobalSection(SolutionConfigurationPlatforms) = preSolution
		Debug|Any CPU = Debug|Any CPU
		Release|Any CPU = Release|Any CPU
	EndGlobalSection
	GlobalSection(ProjectConfigurationPlatforms) = postSolution
		{0C4F1BF5-9CBD-4828-A13F-BF5D3A85EBA5}.Debug|Any CPU.ActiveCfg = Debug|Any CPU
		{0C4F1BF5-9CBD-4828-A13F-BF5D3A85EBA5}.Debug|Any CPU.Build.0 = Debug|Any CPU
		{0C4F1BF5-9CBD-4828-A13F-BF5D3A85EBA5}.Release|Any CPU.ActiveCfg = Release|Any CPU
		{0C4F1BF5-9CBD-4828-A13F-BF5D3A85EBA5}.Release|Any CPU.Build.0 = Release|Any CPU
	EndGlobalSection
	GlobalSection(SolutionProperties) = preSolution
		HideSolutionNode = FALSE
	EndGlobalSection
	GlobalSection(ExtensibilityGlobals) = postSolution
		SolutionGuid = {E936597D-DB03-4E1C-9412-F8E6DAEDA6DC}
	EndGlobalSection
EndGlobal
